
Microsoft Visual Studio Solution File, Format Version 12.00
# Visual Studio Version 16
VisualStudioVersion = 16.0.31613.86
MinimumVisualStudioVersion = 10.0.40219.1
Project("{FAE04EC0-301F-11D3-BF4B-00C04F79EFBC}") = "ScreenTest", "ScreenTest\ScreenTest.csproj", "{675E2B99-0114-4D76-8D86-D04A56C2AC8E}"
EndProject
Global
	GlobalSection(SolutionConfigurationPlatforms) = preSolution
		Debug|Any CPU = Debug|Any CPU
		Release|Any CPU = Release|Any CPU
	EndGlobalSection
	GlobalSection(ProjectConfigurationPlatforms) = postSolution
		{675E2B99-0114-4D76-8D86-D04A56C2AC8E}.Debug|Any CPU.ActiveCfg = Debug|Any CPU
		{675E2B99-0114-4D76-8D86-D04A56C2AC8E}.Debug|Any CPU.Build.0 = Debug|Any CPU
		{675E2B99-0114-4D76-8D86-D04A56C2AC8E}.Release|Any CPU.ActiveCfg = Release|Any CPU
		{675E2B99-0114-4D76-8D86-D04A56C2AC8E}.Release|Any CPU.Build.0 = Release|Any CPU
	EndGlobalSection
	GlobalSection(SolutionProperties) = preSolution
		HideSolutionNode = FALSE
	EndGlobalSection
	GlobalSection(ExtensibilityGlobals) = postSolution
		SolutionGuid = {B8C97113-DE6F-4269-B45F-0E317DD45CB6}
	EndGlobalSection
EndGlobal
