
Microsoft Visual Studio Solution File, Format Version 12.00
# Visual Studio Version 16
VisualStudioVersion = 16.0.31613.86
MinimumVisualStudioVersion = 10.0.40219.1
Project("{FAE04EC0-301F-11D3-BF4B-00C04F79EFBC}") = "ScreenLapse", "ScreenLapse\ScreenLapse.csproj", "{58B0DDFC-4866-4335-8E1E-0FB5E4DA78E2}"
EndProject
Project("{FAE04EC0-301F-11D3-BF4B-00C04F79EFBC}") = "ScreenLapseLib", "ScreenLapseLib\ScreenLapseLib.csproj", "{EF4466E7-01FE-420A-AD14-E7A33E275215}"
EndProject
Global
	GlobalSection(SolutionConfigurationPlatforms) = preSolution
		Debug|Any CPU = Debug|Any CPU
		Release|Any CPU = Release|Any CPU
	EndGlobalSection
	GlobalSection(ProjectConfigurationPlatforms) = postSolution
		{58B0DDFC-4866-4335-8E1E-0FB5E4DA78E2}.Debug|Any CPU.ActiveCfg = Debug|Any CPU
		{58B0DDFC-4866-4335-8E1E-0FB5E4DA78E2}.Debug|Any CPU.Build.0 = Debug|Any CPU
		{58B0DDFC-4866-4335-8E1E-0FB5E4DA78E2}.Release|Any CPU.ActiveCfg = Release|Any CPU
		{58B0DDFC-4866-4335-8E1E-0FB5E4DA78E2}.Release|Any CPU.Build.0 = Release|Any CPU
		{EF4466E7-01FE-420A-AD14-E7A33E275215}.Debug|Any CPU.ActiveCfg = Debug|Any CPU
		{EF4466E7-01FE-420A-AD14-E7A33E275215}.Debug|Any CPU.Build.0 = Debug|Any CPU
		{EF4466E7-01FE-420A-AD14-E7A33E275215}.Release|Any CPU.ActiveCfg = Release|Any CPU
		{EF4466E7-01FE-420A-AD14-E7A33E275215}.Release|Any CPU.Build.0 = Release|Any CPU
	EndGlobalSection
	GlobalSection(SolutionProperties) = preSolution
		HideSolutionNode = FALSE
	EndGlobalSection
	GlobalSection(ExtensibilityGlobals) = postSolution
		SolutionGuid = {69A69698-21B5-4F94-B76D-119883D65439}
	EndGlobalSection
EndGlobal
